// !$*UTF8*$!
{
	archiveVersion = 1;
	classes = {
	};
	objectVersion = 50;
	objects = {

/* Begin PBXBuildFile section */
		0648A04B263D2ABD001F9E11 /* ConversionUnitTests.swift in Sources */ = {isa = PBXBuildFile; fileRef = 0648A04A263D2ABD001F9E11 /* ConversionUnitTests.swift */; };
		06DB58AE262FE44B007E7B73 /* conversionApp.swift in Sources */ = {isa = PBXBuildFile; fileRef = 06DB58AD262FE44B007E7B73 /* conversionApp.swift */; };
		06DB58B0262FE44B007E7B73 /* ContentView.swift in Sources */ = {isa = PBXBuildFile; fileRef = 06DB58AF262FE44B007E7B73 /* ContentView.swift */; };
		06DB58B2262FE44C007E7B73 /* Assets.xcassets in Resources */ = {isa = PBXBuildFile; fileRef = 06DB58B1262FE44C007E7B73 /* Assets.xcassets */; };
		06DB58B5262FE44C007E7B73 /* Preview Assets.xcassets in Resources */ = {isa = PBXBuildFile; fileRef = 06DB58B4262FE44C007E7B73 /* Preview Assets.xcassets */; };
/* End PBXBuildFile section */

/* Begin PBXContainerItemProxy section */
		0648A04D263D2ABD001F9E11 /* PBXContainerItemProxy */ = {
			isa = PBXContainerItemProxy;
			containerPortal = 06DB58A2262FE44B007E7B73 /* Project object */;
			proxyType = 1;
			remoteGlobalIDString = 06DB58A9262FE44B007E7B73;
			remoteInfo = conversion;
		};
/* End PBXContainerItemProxy section */

/* Begin PBXFileReference section */
		0648A048263D2ABD001F9E11 /* ConversionUnitTests.xctest */ = {isa = PBXFileReference; explicitFileType = wrapper.cfbundle; includeInIndex = 0; path = ConversionUnitTests.xctest; sourceTree = BUILT_PRODUCTS_DIR; };
		0648A04A263D2ABD001F9E11 /* ConversionUnitTests.swift */ = {isa = PBXFileReference; lastKnownFileType = sourcecode.swift; path = ConversionUnitTests.swift; sourceTree = "<group>"; };
		0648A04C263D2ABD001F9E11 /* Info.plist */ = {isa = PBXFileReference; lastKnownFileType = text.plist.xml; path = Info.plist; sourceTree = "<group>"; };
		06DB58AA262FE44B007E7B73 /* conversion.app */ = {isa = PBXFileReference; explicitFileType = wrapper.application; includeInIndex = 0; path = conversion.app; sourceTree = BUILT_PRODUCTS_DIR; };
		06DB58AD262FE44B007E7B73 /* conversionApp.swift */ = {isa = PBXFileReference; lastKnownFileType = sourcecode.swift; path = conversionApp.swift; sourceTree = "<group>"; };
		06DB58AF262FE44B007E7B73 /* ContentView.swift */ = {isa = PBXFileReference; lastKnownFileType = sourcecode.swift; path = ContentView.swift; sourceTree = "<group>"; usesTabs = 0; };
		06DB58B1262FE44C007E7B73 /* Assets.xcassets */ = {isa = PBXFileReference; lastKnownFileType = folder.assetcatalog; path = Assets.xcassets; sourceTree = "<group>"; };
		06DB58B4262FE44C007E7B73 /* Preview Assets.xcassets */ = {isa = PBXFileReference; lastKnownFileType = folder.assetcatalog; path = "Preview Assets.xcassets"; sourceTree = "<group>"; };
/* End PBXFileReference section */

/* Begin PBXFrameworksBuildPhase section */
		0648A045263D2ABD001F9E11 /* Frameworks */ = {
			isa = PBXFrameworksBuildPhase;
			buildActionMask = 2147483647;
			files = (
			);
			runOnlyForDeploymentPostprocessing = 0;
		};
		06DB58A7262FE44B007E7B73 /* Frameworks */ = {
			isa = PBXFrameworksBuildPhase;
			buildActionMask = 2147483647;
			files = (
			);
			runOnlyForDeploymentPostprocessing = 0;
		};
/* End PBXFrameworksBuildPhase section */

/* Begin PBXGroup section */
		0648A049263D2ABD001F9E11 /* ConversionUnitTests */ = {
			isa = PBXGroup;
			children = (
				0648A04A263D2ABD001F9E11 /* ConversionUnitTests.swift */,
				0648A04C263D2ABD001F9E11 /* Info.plist */,
			);
			path = ConversionUnitTests;
			sourceTree = "<group>";
		};
		06DB58A1262FE44B007E7B73 = {
			isa = PBXGroup;
			children = (
				06DB58AC262FE44B007E7B73 /* conversion */,
				0648A049263D2ABD001F9E11 /* ConversionUnitTests */,
				06DB58AB262FE44B007E7B73 /* Products */,
			);
			sourceTree = "<group>";
		};
		06DB58AB262FE44B007E7B73 /* Products */ = {
			isa = PBXGroup;
			children = (
				06DB58AA262FE44B007E7B73 /* conversion.app */,
				0648A048263D2ABD001F9E11 /* ConversionUnitTests.xctest */,
			);
			name = Products;
			sourceTree = "<group>";
		};
		06DB58AC262FE44B007E7B73 /* conversion */ = {
			isa = PBXGroup;
			children = (
				06DB58AD262FE44B007E7B73 /* conversionApp.swift */,
				06DB58AF262FE44B007E7B73 /* ContentView.swift */,
				06DB58B1262FE44C007E7B73 /* Assets.xcassets */,
				06DB58B3262FE44C007E7B73 /* Preview Content */,
			);
			path = conversion;
			sourceTree = "<group>";
		};
		06DB58B3262FE44C007E7B73 /* Preview Content */ = {
			isa = PBXGroup;
			children = (
				06DB58B4262FE44C007E7B73 /* Preview Assets.xcassets */,
			);
			path = "Preview Content";
			sourceTree = "<group>";
		};
/* End PBXGroup section */

/* Begin PBXNativeTarget section */
		0648A047263D2ABD001F9E11 /* ConversionUnitTests */ = {
			isa = PBXNativeTarget;
			buildConfigurationList = 0648A051263D2ABD001F9E11 /* Build configuration list for PBXNativeTarget "ConversionUnitTests" */;
			buildPhases = (
				0648A044263D2ABD001F9E11 /* Sources */,
				0648A045263D2ABD001F9E11 /* Frameworks */,
				0648A046263D2ABD001F9E11 /* Resources */,
			);
			buildRules = (
			);
			dependencies = (
				0648A04E263D2ABD001F9E11 /* PBXTargetDependency */,
			);
			name = ConversionUnitTests;
			productName = ConversionUnitTests;
			productReference = 0648A048263D2ABD001F9E11 /* ConversionUnitTests.xctest */;
			productType = "com.apple.product-type.bundle.unit-test";
		};
		06DB58A9262FE44B007E7B73 /* conversion */ = {
			isa = PBXNativeTarget;
			buildConfigurationList = 06DB58B8262FE44C007E7B73 /* Build configuration list for PBXNativeTarget "conversion" */;
			buildPhases = (
				06DB58A6262FE44B007E7B73 /* Sources */,
				06DB58A7262FE44B007E7B73 /* Frameworks */,
				06DB58A8262FE44B007E7B73 /* Resources */,
			);
			buildRules = (
			);
			dependencies = (
			);
			name = conversion;
			productName = conversion;
			productReference = 06DB58AA262FE44B007E7B73 /* conversion.app */;
			productType = "com.apple.product-type.application";
		};
/* End PBXNativeTarget section */

/* Begin PBXProject section */
		06DB58A2262FE44B007E7B73 /* Project object */ = {
			isa = PBXProject;
			attributes = {
				LastSwiftUpdateCheck = 1250;
				LastUpgradeCheck = 1300;
				TargetAttributes = {
					0648A047263D2ABD001F9E11 = {
						CreatedOnToolsVersion = 12.5;
						TestTargetID = 06DB58A9262FE44B007E7B73;
					};
					06DB58A9262FE44B007E7B73 = {
						CreatedOnToolsVersion = 13.0;
					};
				};
			};
			buildConfigurationList = 06DB58A5262FE44B007E7B73 /* Build configuration list for PBXProject "conversion" */;
			compatibilityVersion = "Xcode 9.3";
			developmentRegion = en;
			hasScannedForEncodings = 0;
			knownRegions = (
				en,
				Base,
			);
			mainGroup = 06DB58A1262FE44B007E7B73;
			productRefGroup = 06DB58AB262FE44B007E7B73 /* Products */;
			projectDirPath = "";
			projectRoot = "";
			targets = (
				06DB58A9262FE44B007E7B73 /* conversion */,
				0648A047263D2ABD001F9E11 /* ConversionUnitTests */,
			);
		};
/* End PBXProject section */

/* Begin PBXResourcesBuildPhase section */
		0648A046263D2ABD001F9E11 /* Resources */ = {
			isa = PBXResourcesBuildPhase;
			buildActionMask = 2147483647;
			files = (
			);
			runOnlyForDeploymentPostprocessing = 0;
		};
		06DB58A8262FE44B007E7B73 /* Resources */ = {
			isa = PBXResourcesBuildPhase;
			buildActionMask = 2147483647;
			files = (
				06DB58B5262FE44C007E7B73 /* Preview Assets.xcassets in Resources */,
				06DB58B2262FE44C007E7B73 /* Assets.xcassets in Resources */,
			);
			runOnlyForDeploymentPostprocessing = 0;
		};
/* End PBXResourcesBuildPhase section */

/* Begin PBXSourcesBuildPhase section */
		0648A044263D2ABD001F9E11 /* Sources */ = {
			isa = PBXSourcesBuildPhase;
			buildActionMask = 2147483647;
			files = (
				0648A04B263D2ABD001F9E11 /* ConversionUnitTests.swift in Sources */,
			);
			runOnlyForDeploymentPostprocessing = 0;
		};
		06DB58A6262FE44B007E7B73 /* Sources */ = {
			isa = PBXSourcesBuildPhase;
			buildActionMask = 2147483647;
			files = (
				06DB58B0262FE44B007E7B73 /* ContentView.swift in Sources */,
				06DB58AE262FE44B007E7B73 /* conversionApp.swift in Sources */,
			);
			runOnlyForDeploymentPostprocessing = 0;
		};
/* End PBXSourcesBuildPhase section */

/* Begin PBXTargetDependency section */
		0648A04E263D2ABD001F9E11 /* PBXTargetDependency */ = {
			isa = PBXTargetDependency;
			target = 06DB58A9262FE44B007E7B73 /* conversion */;
			targetProxy = 0648A04D263D2ABD001F9E11 /* PBXContainerItemProxy */;
		};
/* End PBXTargetDependency section */

/* Begin XCBuildConfiguration section */
		0648A04F263D2ABD001F9E11 /* Debug */ = {
			isa = XCBuildConfiguration;
			buildSettings = {
				BUNDLE_LOADER = "$(TEST_HOST)";
				CODE_SIGN_STYLE = Automatic;
				INFOPLIST_FILE = ConversionUnitTests/Info.plist;
				IPHONEOS_DEPLOYMENT_TARGET = 14.5;
				LD_RUNPATH_SEARCH_PATHS = (
					"$(inherited)",
					"@executable_path/Frameworks",
					"@loader_path/Frameworks",
				);
				PRODUCT_BUNDLE_IDENTIFIER = com.ConversionUnitTests;
				PRODUCT_NAME = "$(TARGET_NAME)";
				SWIFT_VERSION = 5.0;
				TARGETED_DEVICE_FAMILY = "1,2";
				TEST_HOST = "$(BUILT_PRODUCTS_DIR)/conversion.app/conversion";
			};
			name = Debug;
		};
		0648A050263D2ABD001F9E11 /* Release */ = {
			isa = XCBuildConfiguration;
			buildSettings = {
				BUNDLE_LOADER = "$(TEST_HOST)";
				CODE_SIGN_STYLE = Automatic;
				INFOPLIST_FILE = ConversionUnitTests/Info.plist;
				IPHONEOS_DEPLOYMENT_TARGET = 14.5;
				LD_RUNPATH_SEARCH_PATHS = (
					"$(inherited)",
					"@executable_path/Frameworks",
					"@loader_path/Frameworks",
				);
				PRODUCT_BUNDLE_IDENTIFIER = com.ConversionUnitTests;
				PRODUCT_NAME = "$(TARGET_NAME)";
				SWIFT_VERSION = 5.0;
				TARGETED_DEVICE_FAMILY = "1,2";
				TEST_HOST = "$(BUILT_PRODUCTS_DIR)/conversion.app/conversion";
			};
			name = Release;
		};
		06DB58B6262FE44C007E7B73 /* Debug */ = {
			isa = XCBuildConfiguration;
			buildSettings = {
				ALWAYS_SEARCH_USER_PATHS = NO;
				CLANG_ANALYZER_NONNULL = YES;
				CLANG_ANALYZER_NUMBER_OBJECT_CONVERSION = YES_AGGRESSIVE;
				CLANG_CXX_LANGUAGE_STANDARD = "gnu++14";
				CLANG_CXX_LIBRARY = "libc++";
				CLANG_ENABLE_MODULES = YES;
				CLANG_ENABLE_OBJC_ARC = YES;
				CLANG_ENABLE_OBJC_WEAK = YES;
				CLANG_WARN_BLOCK_CAPTURE_AUTORELEASING = YES;
				CLANG_WARN_BOOL_CONVERSION = YES;
				CLANG_WARN_COMMA = YES;
				CLANG_WARN_CONSTANT_CONVERSION = YES;
				CLANG_WARN_DEPRECATED_OBJC_IMPLEMENTATIONS = YES;
				CLANG_WARN_DIRECT_OBJC_ISA_USAGE = YES_ERROR;
				CLANG_WARN_DOCUMENTATION_COMMENTS = YES;
				CLANG_WARN_EMPTY_BODY = YES;
				CLANG_WARN_ENUM_CONVERSION = YES;
				CLANG_WARN_INFINITE_RECURSION = YES;
				CLANG_WARN_INT_CONVERSION = YES;
				CLANG_WARN_NON_LITERAL_NULL_CONVERSION = YES;
				CLANG_WARN_OBJC_IMPLICIT_RETAIN_SELF = YES;
				CLANG_WARN_OBJC_LITERAL_CONVERSION = YES;
				CLANG_WARN_OBJC_ROOT_CLASS = YES_ERROR;
				CLANG_WARN_QUOTED_INCLUDE_IN_FRAMEWORK_HEADER = YES;
				CLANG_WARN_RANGE_LOOP_ANALYSIS = YES;
				CLANG_WARN_STRICT_PROTOTYPES = YES;
				CLANG_WARN_SUSPICIOUS_MOVE = YES;
				CLANG_WARN_UNGUARDED_AVAILABILITY = YES_AGGRESSIVE;
				CLANG_WARN_UNREACHABLE_CODE = YES;
				CLANG_WARN__DUPLICATE_METHOD_MATCH = YES;
				COPY_PHASE_STRIP = NO;
				DEBUG_INFORMATION_FORMAT = dwarf;
				ENABLE_STRICT_OBJC_MSGSEND = YES;
				ENABLE_TESTABILITY = YES;
				GCC_C_LANGUAGE_STANDARD = gnu11;
				GCC_DYNAMIC_NO_PIC = NO;
				GCC_NO_COMMON_BLOCKS = YES;
				GCC_OPTIMIZATION_LEVEL = 0;
				GCC_PREPROCESSOR_DEFINITIONS = (
					"DEBUG=1",
					"$(inherited)",
				);
				GCC_WARN_64_TO_32_BIT_CONVERSION = YES;
				GCC_WARN_ABOUT_RETURN_TYPE = YES_ERROR;
				GCC_WARN_UNDECLARED_SELECTOR = YES;
				GCC_WARN_UNINITIALIZED_AUTOS = YES_AGGRESSIVE;
				GCC_WARN_UNUSED_FUNCTION = YES;
				GCC_WARN_UNUSED_VARIABLE = YES;
				IPHONEOS_DEPLOYMENT_TARGET = 14.4;
				MTL_ENABLE_DEBUG_INFO = INCLUDE_SOURCE;
				MTL_FAST_MATH = YES;
				ONLY_ACTIVE_ARCH = YES;
				SDKROOT = iphoneos;
				SWIFT_ACTIVE_COMPILATION_CONDITIONS = DEBUG;
				SWIFT_OPTIMIZATION_LEVEL = "-Onone";
			};
			name = Debug;
		};
		06DB58B7262FE44C007E7B73 /* Release */ = {
			isa = XCBuildConfiguration;
			buildSettings = {
				ALWAYS_SEARCH_USER_PATHS = NO;
				CLANG_ANALYZER_NONNULL = YES;
				CLANG_ANALYZER_NUMBER_OBJECT_CONVERSION = YES_AGGRESSIVE;
				CLANG_CXX_LANGUAGE_STANDARD = "gnu++14";
				CLANG_CXX_LIBRARY = "libc++";
				CLANG_ENABLE_MODULES = YES;
				CLANG_ENABLE_OBJC_ARC = YES;
				CLANG_ENABLE_OBJC_WEAK = YES;
				CLANG_WARN_BLOCK_CAPTURE_AUTORELEASING = YES;
				CLANG_WARN_BOOL_CONVERSION = YES;
				CLANG_WARN_COMMA = YES;
				CLANG_WARN_CONSTANT_CONVERSION = YES;
				CLANG_WARN_DEPRECATED_OBJC_IMPLEMENTATIONS = YES;
				CLANG_WARN_DIRECT_OBJC_ISA_USAGE = YES_ERROR;
				CLANG_WARN_DOCUMENTATION_COMMENTS = YES;
				CLANG_WARN_EMPTY_BODY = YES;
				CLANG_WARN_ENUM_CONVERSION = YES;
				CLANG_WARN_INFINITE_RECURSION = YES;
				CLANG_WARN_INT_CONVERSION = YES;
				CLANG_WARN_NON_LITERAL_NULL_CONVERSION = YES;
				CLANG_WARN_OBJC_IMPLICIT_RETAIN_SELF = YES;
				CLANG_WARN_OBJC_LITERAL_CONVERSION = YES;
				CLANG_WARN_OBJC_ROOT_CLASS = YES_ERROR;
				CLANG_WARN_QUOTED_INCLUDE_IN_FRAMEWORK_HEADER = YES;
				CLANG_WARN_RANGE_LOOP_ANALYSIS = YES;
				CLANG_WARN_STRICT_PROTOTYPES = YES;
				CLANG_WARN_SUSPICIOUS_MOVE = YES;
				CLANG_WARN_UNGUARDED_AVAILABILITY = YES_AGGRESSIVE;
				CLANG_WARN_UNREACHABLE_CODE = YES;
				CLANG_WARN__DUPLICATE_METHOD_MATCH = YES;
				COPY_PHASE_STRIP = NO;
				DEBUG_INFORMATION_FORMAT = "dwarf-with-dsym";
				ENABLE_NS_ASSERTIONS = NO;
				ENABLE_STRICT_OBJC_MSGSEND = YES;
				GCC_C_LANGUAGE_STANDARD = gnu11;
				GCC_NO_COMMON_BLOCKS = YES;
				GCC_WARN_64_TO_32_BIT_CONVERSION = YES;
				GCC_WARN_ABOUT_RETURN_TYPE = YES_ERROR;
				GCC_WARN_UNDECLARED_SELECTOR = YES;
				GCC_WARN_UNINITIALIZED_AUTOS = YES_AGGRESSIVE;
				GCC_WARN_UNUSED_FUNCTION = YES;
				GCC_WARN_UNUSED_VARIABLE = YES;
				IPHONEOS_DEPLOYMENT_TARGET = 14.4;
				MTL_ENABLE_DEBUG_INFO = NO;
				MTL_FAST_MATH = YES;
				SDKROOT = iphoneos;
				SWIFT_COMPILATION_MODE = wholemodule;
				SWIFT_OPTIMIZATION_LEVEL = "-O";
				VALIDATE_PRODUCT = YES;
			};
			name = Release;
		};
		06DB58B9262FE44C007E7B73 /* Debug */ = {
			isa = XCBuildConfiguration;
			buildSettings = {
				ASSETCATALOG_COMPILER_APPICON_NAME = AppIcon;
				ASSETCATALOG_COMPILER_GLOBAL_ACCENT_COLOR_NAME = AccentColor;
				CODE_SIGN_IDENTITY = "Apple Development";
				CODE_SIGN_STYLE = Manual;
				CURRENT_PROJECT_VERSION = 1;
				DEVELOPMENT_ASSET_PATHS = "\"conversion/Preview Content\"";
				DEVELOPMENT_TEAM = "";
				ENABLE_PREVIEWS = YES;
				GENERATE_INFOPLIST_FILE = YES;
				INFOPLIST_KEY_UIApplicationSceneManifest_Generation = YES;
				INFOPLIST_KEY_UIApplicationSupportsIndirectInputEvents = YES;
				INFOPLIST_KEY_UILaunchScreen_Generation = YES;
				INFOPLIST_KEY_UISupportedInterfaceOrientations_iPad = "UIInterfaceOrientationPortrait UIInterfaceOrientationPortraitUpsideDown UIInterfaceOrientationLandscapeLeft UIInterfaceOrientationLandscapeRight";
				INFOPLIST_KEY_UISupportedInterfaceOrientations_iPhone = "UIInterfaceOrientationPortrait UIInterfaceOrientationLandscapeLeft UIInterfaceOrientationLandscapeRight";
				IPHONEOS_DEPLOYMENT_TARGET = 14.0;
				LD_RUNPATH_SEARCH_PATHS = (
					"$(inherited)",
					"@executable_path/Frameworks",
				);
				MARKETING_VERSION = 1.0;
				PRODUCT_BUNDLE_IDENTIFIER = com.conversion;
				PRODUCT_NAME = "$(TARGET_NAME)";
				PROVISIONING_PROFILE_SPECIFIER = "";
				SWIFT_VERSION = 5.0;
				TARGETED_DEVICE_FAMILY = "1,2";
			};
			name = Debug;
		};
		06DB58BA262FE44C007E7B73 /* Release */ = {
			isa = XCBuildConfiguration;
			buildSettings = {
				ASSETCATALOG_COMPILER_APPICON_NAME = AppIcon;
				ASSETCATALOG_COMPILER_GLOBAL_ACCENT_COLOR_NAME = AccentColor;
				CODE_SIGN_IDENTITY = "Apple Development";
				CODE_SIGN_STYLE = Manual;
				CURRENT_PROJECT_VERSION = 1;
				DEVELOPMENT_ASSET_PATHS = "\"conversion/Preview Content\"";
				DEVELOPMENT_TEAM = "";
				ENABLE_PREVIEWS = YES;
				GENERATE_INFOPLIST_FILE = YES;
				INFOPLIST_KEY_UIApplicationSceneManifest_Generation = YES;
				INFOPLIST_KEY_UIApplicationSupportsIndirectInputEvents = YES;
				INFOPLIST_KEY_UILaunchScreen_Generation = YES;
				INFOPLIST_KEY_UISupportedInterfaceOrientations_iPad = "UIInterfaceOrientationPortrait UIInterfaceOrientationPortraitUpsideDown UIInterfaceOrientationLandscapeLeft UIInterfaceOrientationLandscapeRight";
				INFOPLIST_KEY_UISupportedInterfaceOrientations_iPhone = "UIInterfaceOrientationPortrait UIInterfaceOrientationLandscapeLeft UIInterfaceOrientationLandscapeRight";
				IPHONEOS_DEPLOYMENT_TARGET = 14.0;
				LD_RUNPATH_SEARCH_PATHS = (
					"$(inherited)",
					"@executable_path/Frameworks",
				);
				MARKETING_VERSION = 1.0;
				PRODUCT_BUNDLE_IDENTIFIER = com.conversion;
				PRODUCT_NAME = "$(TARGET_NAME)";
				PROVISIONING_PROFILE_SPECIFIER = "";
				SWIFT_VERSION = 5.0;
				TARGETED_DEVICE_FAMILY = "1,2";
			};
			name = Release;
		};
/* End XCBuildConfiguration section */

/* Begin XCConfigurationList section */
		0648A051263D2ABD001F9E11 /* Build configuration list for PBXNativeTarget "ConversionUnitTests" */ = {
			isa = XCConfigurationList;
			buildConfigurations = (
				0648A04F263D2ABD001F9E11 /* Debug */,
				0648A050263D2ABD001F9E11 /* Release */,
			);
			defaultConfigurationIsVisible = 0;
			defaultConfigurationName = Release;
		};
		06DB58A5262FE44B007E7B73 /* Build configuration list for PBXProject "conversion" */ = {
			isa = XCConfigurationList;
			buildConfigurations = (
				06DB58B6262FE44C007E7B73 /* Debug */,
				06DB58B7262FE44C007E7B73 /* Release */,
			);
			defaultConfigurationIsVisible = 0;
			defaultConfigurationName = Release;
		};
		06DB58B8262FE44C007E7B73 /* Build configuration list for PBXNativeTarget "conversion" */ = {
			isa = XCConfigurationList;
			buildConfigurations = (
				06DB58B9262FE44C007E7B73 /* Debug */,
				06DB58BA262FE44C007E7B73 /* Release */,
			);
			defaultConfigurationIsVisible = 0;
			defaultConfigurationName = Release;
		};
/* End XCConfigurationList section */
	};
	rootObject = 06DB58A2262FE44B007E7B73 /* Project object */;
}
